
Microsoft Visual Studio Solution File, Format Version 12.00
# Visual Studio 2013
VisualStudioVersion = 12.0.30219.0
MinimumVisualStudioVersion = 10.0.40219.1
Project("{FAE04EC0-301F-11D3-BF4B-00C04F79EFBC}") = "ImgurNet", "ImgurNet\ImgurNet.csproj", "{135279A7-3F6B-46A8-9567-9A0B268C9DA1}"
EndProject
Project("{FAE04EC0-301F-11D3-BF4B-00C04F79EFBC}") = "ImgurNet.Tests", "ImgurNet.Tests\ImgurNet.Tests.csproj", "{6DD4E17F-BE4E-4098-9576-AC677127EE16}"
EndProject
Global
	GlobalSection(SolutionConfigurationPlatforms) = preSolution
		Debug|Any CPU = Debug|Any CPU
		Release|Any CPU = Release|Any CPU
	EndGlobalSection
	GlobalSection(ProjectConfigurationPlatforms) = postSolution
		{135279A7-3F6B-46A8-9567-9A0B268C9DA1}.Debug|Any CPU.ActiveCfg = Debug|Any CPU
		{135279A7-3F6B-46A8-9567-9A0B268C9DA1}.Debug|Any CPU.Build.0 = Debug|Any CPU
		{135279A7-3F6B-46A8-9567-9A0B268C9DA1}.Release|Any CPU.ActiveCfg = Release|Any CPU
		{135279A7-3F6B-46A8-9567-9A0B268C9DA1}.Release|Any CPU.Build.0 = Release|Any CPU
		{6DD4E17F-BE4E-4098-9576-AC677127EE16}.Debug|Any CPU.ActiveCfg = Debug|Any CPU
		{6DD4E17F-BE4E-4098-9576-AC677127EE16}.Debug|Any CPU.Build.0 = Debug|Any CPU
		{6DD4E17F-BE4E-4098-9576-AC677127EE16}.Release|Any CPU.ActiveCfg = Release|Any CPU
		{6DD4E17F-BE4E-4098-9576-AC677127EE16}.Release|Any CPU.Build.0 = Release|Any CPU
	EndGlobalSection
	GlobalSection(SolutionProperties) = preSolution
		HideSolutionNode = FALSE
	EndGlobalSection
EndGlobal
